
Microsoft Visual Studio Solution File, Format Version 12.00
# Visual Studio Version 16
VisualStudioVersion = 16.0.31313.79
MinimumVisualStudioVersion = 10.0.40219.1
Project("{FAE04EC0-301F-11D3-BF4B-00C04F79EFBC}") = "Activity2", "Activity2\Activity2.csproj", "{0845DDDA-A9A5-48A5-B0B4-122C88A7E49F}"
EndProject
Global
	GlobalSection(SolutionConfigurationPlatforms) = preSolution
		Debug|Any CPU = Debug|Any CPU
		Release|Any CPU = Release|Any CPU
	EndGlobalSection
	GlobalSection(ProjectConfigurationPlatforms) = postSolution
		{0845DDDA-A9A5-48A5-B0B4-122C88A7E49F}.Debug|Any CPU.ActiveCfg = Debug|Any CPU
		{0845DDDA-A9A5-48A5-B0B4-122C88A7E49F}.Debug|Any CPU.Build.0 = Debug|Any CPU
		{0845DDDA-A9A5-48A5-B0B4-122C88A7E49F}.Release|Any CPU.ActiveCfg = Release|Any CPU
		{0845DDDA-A9A5-48A5-B0B4-122C88A7E49F}.Release|Any CPU.Build.0 = Release|Any CPU
	EndGlobalSection
	GlobalSection(SolutionProperties) = preSolution
		HideSolutionNode = FALSE
	EndGlobalSection
	GlobalSection(ExtensibilityGlobals) = postSolution
		SolutionGuid = {DDA00F76-FFC2-439B-AC5A-8C2D1C6FE689}
	EndGlobalSection
EndGlobal
